
Microsoft Visual Studio Solution File, Format Version 12.00
# Visual Studio 15
VisualStudioVersion = 15.0.28010.2003
MinimumVisualStudioVersion = 10.0.40219.1
Project("{8BC9CEB8-8B4A-11D0-8D11-00A0C91BC942}") = "Sandbox", "Sandbox\Sandbox.vcxproj", "{517B57D2-E4BA-44F7-8CAD-C3DE59240DAB}"
EndProject
Project("{8BC9CEB8-8B4A-11D0-8D11-00A0C91BC942}") = "Hazel", "Hazel\Hazel.vcxproj", "{CC36CEFD-9C7C-4637-93A0-5422EAF6926A}"
EndProject
Global
	GlobalSection(SolutionConfigurationPlatforms) = preSolution
		Debug|x64 = Debug|x64
		Release|x64 = Release|x64
	EndGlobalSection
	GlobalSection(ProjectConfigurationPlatforms) = postSolution
		{CC36CEFD-9C7C-4637-93A0-5422EAF6926A}.Debug|x64.ActiveCfg = Debug|x64
		{CC36CEFD-9C7C-4637-93A0-5422EAF6926A}.Debug|x64.Build.0 = Debug|x64
		{CC36CEFD-9C7C-4637-93A0-5422EAF6926A}.Release|x64.ActiveCfg = Release|x64
		{CC36CEFD-9C7C-4637-93A0-5422EAF6926A}.Release|x64.Build.0 = Release|x64
		{517B57D2-E4BA-44F7-8CAD-C3DE59240DAB}.Debug|x64.ActiveCfg = Debug|x64
		{517B57D2-E4BA-44F7-8CAD-C3DE59240DAB}.Debug|x64.Build.0 = Debug|x64
		{517B57D2-E4BA-44F7-8CAD-C3DE59240DAB}.Release|x64.ActiveCfg = Release|x64
		{517B57D2-E4BA-44F7-8CAD-C3DE59240DAB}.Release|x64.Build.0 = Release|x64
	EndGlobalSection
	GlobalSection(SolutionProperties) = preSolution
		HideSolutionNode = FALSE
	EndGlobalSection
	GlobalSection(ExtensibilityGlobals) = postSolution
		SolutionGuid = {C040F542-15B5-4C78-9C1B-0508596F1A37}
	EndGlobalSection
EndGlobal
